
Microsoft Visual Studio Solution File, Format Version 12.00
# Visual Studio Version 16
VisualStudioVersion = 16.0.30717.126
MinimumVisualStudioVersion = 10.0.40219.1
Project("{FAE04EC0-301F-11D3-BF4B-00C04F79EFBC}") = "JsonSorter", "JsonSorter\JsonSorter.csproj", "{4FC4AC02-FACD-413C-AAA1-95A174782EA6}"
EndProject
Global
	GlobalSection(SolutionConfigurationPlatforms) = preSolution
		Debug|Any CPU = Debug|Any CPU
		Release|Any CPU = Release|Any CPU
	EndGlobalSection
	GlobalSection(ProjectConfigurationPlatforms) = postSolution
		{4FC4AC02-FACD-413C-AAA1-95A174782EA6}.Debug|Any CPU.ActiveCfg = Debug|Any CPU
		{4FC4AC02-FACD-413C-AAA1-95A174782EA6}.Debug|Any CPU.Build.0 = Debug|Any CPU
		{4FC4AC02-FACD-413C-AAA1-95A174782EA6}.Release|Any CPU.ActiveCfg = Release|Any CPU
		{4FC4AC02-FACD-413C-AAA1-95A174782EA6}.Release|Any CPU.Build.0 = Release|Any CPU
	EndGlobalSection
	GlobalSection(SolutionProperties) = preSolution
		HideSolutionNode = FALSE
	EndGlobalSection
	GlobalSection(ExtensibilityGlobals) = postSolution
		SolutionGuid = {AD069F21-41E5-44C1-81CA-FFC882740319}
	EndGlobalSection
EndGlobal
